
Microsoft Visual Studio Solution File, Format Version 12.00
# Visual Studio 2012
Project("{FAE04EC0-301F-11D3-BF4B-00C04F79EFBC}") = "SalesCampaign", "SalesCampaign\SalesCampaign.csproj", "{8EF79BB4-F849-42FD-9AEE-03E2E9543572}"
EndProject
Project("{FAE04EC0-301F-11D3-BF4B-00C04F79EFBC}") = "SalesCampaign.Tests", "SalesCampaign.Tests\SalesCampaign.Tests.csproj", "{F2E1D43F-C16A-4E00-B84A-65039D09CFDA}"
EndProject
Global
	GlobalSection(SolutionConfigurationPlatforms) = preSolution
		Debug|Any CPU = Debug|Any CPU
		Release|Any CPU = Release|Any CPU
	EndGlobalSection
	GlobalSection(ProjectConfigurationPlatforms) = postSolution
		{8EF79BB4-F849-42FD-9AEE-03E2E9543572}.Debug|Any CPU.ActiveCfg = Debug|Any CPU
		{8EF79BB4-F849-42FD-9AEE-03E2E9543572}.Debug|Any CPU.Build.0 = Debug|Any CPU
		{8EF79BB4-F849-42FD-9AEE-03E2E9543572}.Release|Any CPU.ActiveCfg = Release|Any CPU
		{8EF79BB4-F849-42FD-9AEE-03E2E9543572}.Release|Any CPU.Build.0 = Release|Any CPU
		{F2E1D43F-C16A-4E00-B84A-65039D09CFDA}.Debug|Any CPU.ActiveCfg = Debug|Any CPU
		{F2E1D43F-C16A-4E00-B84A-65039D09CFDA}.Debug|Any CPU.Build.0 = Debug|Any CPU
		{F2E1D43F-C16A-4E00-B84A-65039D09CFDA}.Release|Any CPU.ActiveCfg = Release|Any CPU
		{F2E1D43F-C16A-4E00-B84A-65039D09CFDA}.Release|Any CPU.Build.0 = Release|Any CPU
	EndGlobalSection
EndGlobal
